
Microsoft Visual Studio Solution File, Format Version 12.00
# Visual Studio 14
VisualStudioVersion = 14.0.25420.1
MinimumVisualStudioVersion = 10.0.40219.1
Project("{FAE04EC0-301F-11D3-BF4B-00C04F79EFBC}") = "userlogin", "userlogin\userlogin.csproj", "{55413F6C-8450-4E48-9B5B-FA4411E7B4D4}"
EndProject
Project("{FAE04EC0-301F-11D3-BF4B-00C04F79EFBC}") = "userapi", "userapi\userapi.csproj", "{68CB3654-DF9E-4779-A14F-CC4CBCBB8C10}"
EndProject
Global
	GlobalSection(SolutionConfigurationPlatforms) = preSolution
		Debug|Any CPU = Debug|Any CPU
		Release|Any CPU = Release|Any CPU
	EndGlobalSection
	GlobalSection(ProjectConfigurationPlatforms) = postSolution
		{55413F6C-8450-4E48-9B5B-FA4411E7B4D4}.Debug|Any CPU.ActiveCfg = Debug|Any CPU
		{55413F6C-8450-4E48-9B5B-FA4411E7B4D4}.Debug|Any CPU.Build.0 = Debug|Any CPU
		{55413F6C-8450-4E48-9B5B-FA4411E7B4D4}.Release|Any CPU.ActiveCfg = Release|Any CPU
		{55413F6C-8450-4E48-9B5B-FA4411E7B4D4}.Release|Any CPU.Build.0 = Release|Any CPU
		{68CB3654-DF9E-4779-A14F-CC4CBCBB8C10}.Debug|Any CPU.ActiveCfg = Debug|Any CPU
		{68CB3654-DF9E-4779-A14F-CC4CBCBB8C10}.Debug|Any CPU.Build.0 = Debug|Any CPU
		{68CB3654-DF9E-4779-A14F-CC4CBCBB8C10}.Release|Any CPU.ActiveCfg = Release|Any CPU
		{68CB3654-DF9E-4779-A14F-CC4CBCBB8C10}.Release|Any CPU.Build.0 = Release|Any CPU
	EndGlobalSection
	GlobalSection(SolutionProperties) = preSolution
		HideSolutionNode = FALSE
	EndGlobalSection
EndGlobal
